
Microsoft Visual Studio Solution File, Format Version 12.00
# Visual Studio Version 16
VisualStudioVersion = 16.0.28803.156
MinimumVisualStudioVersion = 10.0.40219.1
Project("{FAE04EC0-301F-11D3-BF4B-00C04F79EFBC}") = "cookingBook", "cookingBook\cookingBook.csproj", "{FDF5C8D8-3CD3-4A24-B478-9607141D7546}"
EndProject
Global
	GlobalSection(SolutionConfigurationPlatforms) = preSolution
		Debug|Any CPU = Debug|Any CPU
		Release|Any CPU = Release|Any CPU
	EndGlobalSection
	GlobalSection(ProjectConfigurationPlatforms) = postSolution
		{FDF5C8D8-3CD3-4A24-B478-9607141D7546}.Debug|Any CPU.ActiveCfg = Debug|Any CPU
		{FDF5C8D8-3CD3-4A24-B478-9607141D7546}.Debug|Any CPU.Build.0 = Debug|Any CPU
		{FDF5C8D8-3CD3-4A24-B478-9607141D7546}.Release|Any CPU.ActiveCfg = Release|Any CPU
		{FDF5C8D8-3CD3-4A24-B478-9607141D7546}.Release|Any CPU.Build.0 = Release|Any CPU
	EndGlobalSection
	GlobalSection(SolutionProperties) = preSolution
		HideSolutionNode = FALSE
	EndGlobalSection
	GlobalSection(ExtensibilityGlobals) = postSolution
		SolutionGuid = {4B7246EB-C5B6-4036-B977-B7F253BF9971}
	EndGlobalSection
EndGlobal
